
Microsoft Visual Studio Solution File, Format Version 12.00
# Visual Studio 15
VisualStudioVersion = 15.0.26124.0
MinimumVisualStudioVersion = 15.0.26124.0
Project("{2150E333-8FDC-42A3-9474-1A3956D46DE8}") = "src", "src", "{53EF1CD2-2274-466C-9FCA-70C221CBACF7}"
EndProject
Project("{F2A71F9B-5D33-465A-A702-920D77279786}") = "Simplefsharp.Console", "src\Simplefsharp.Console\Simplefsharp.Console.fsproj", "{950E9605-40CE-423B-9E24-854D3FD19B70}"
EndProject
Project("{F2A71F9B-5D33-465A-A702-920D77279786}") = "Simplefsharp.Domain", "src\Simplefsharp.Domain\Simplefsharp.Domain.fsproj", "{7236FD8B-0AEB-4402-A858-DFD7F6FB325B}"
EndProject
Project("{F2A71F9B-5D33-465A-A702-920D77279786}") = "Simplefsharp.Api", "src\Simplefsharp.Api\Simplefsharp.Api.fsproj", "{F23DB345-A690-4D10-B9CD-663EFB53AA23}"
EndProject
Global
	GlobalSection(SolutionConfigurationPlatforms) = preSolution
		Debug|Any CPU = Debug|Any CPU
		Debug|x64 = Debug|x64
		Debug|x86 = Debug|x86
		Release|Any CPU = Release|Any CPU
		Release|x64 = Release|x64
		Release|x86 = Release|x86
	EndGlobalSection
	GlobalSection(SolutionProperties) = preSolution
		HideSolutionNode = FALSE
	EndGlobalSection
	GlobalSection(ProjectConfigurationPlatforms) = postSolution
		{950E9605-40CE-423B-9E24-854D3FD19B70}.Debug|Any CPU.ActiveCfg = Debug|Any CPU
		{950E9605-40CE-423B-9E24-854D3FD19B70}.Debug|Any CPU.Build.0 = Debug|Any CPU
		{950E9605-40CE-423B-9E24-854D3FD19B70}.Debug|x64.ActiveCfg = Debug|Any CPU
		{950E9605-40CE-423B-9E24-854D3FD19B70}.Debug|x64.Build.0 = Debug|Any CPU
		{950E9605-40CE-423B-9E24-854D3FD19B70}.Debug|x86.ActiveCfg = Debug|Any CPU
		{950E9605-40CE-423B-9E24-854D3FD19B70}.Debug|x86.Build.0 = Debug|Any CPU
		{950E9605-40CE-423B-9E24-854D3FD19B70}.Release|Any CPU.ActiveCfg = Release|Any CPU
		{950E9605-40CE-423B-9E24-854D3FD19B70}.Release|Any CPU.Build.0 = Release|Any CPU
		{950E9605-40CE-423B-9E24-854D3FD19B70}.Release|x64.ActiveCfg = Release|Any CPU
		{950E9605-40CE-423B-9E24-854D3FD19B70}.Release|x64.Build.0 = Release|Any CPU
		{950E9605-40CE-423B-9E24-854D3FD19B70}.Release|x86.ActiveCfg = Release|Any CPU
		{950E9605-40CE-423B-9E24-854D3FD19B70}.Release|x86.Build.0 = Release|Any CPU
		{7236FD8B-0AEB-4402-A858-DFD7F6FB325B}.Debug|Any CPU.ActiveCfg = Debug|Any CPU
		{7236FD8B-0AEB-4402-A858-DFD7F6FB325B}.Debug|Any CPU.Build.0 = Debug|Any CPU
		{7236FD8B-0AEB-4402-A858-DFD7F6FB325B}.Debug|x64.ActiveCfg = Debug|Any CPU
		{7236FD8B-0AEB-4402-A858-DFD7F6FB325B}.Debug|x64.Build.0 = Debug|Any CPU
		{7236FD8B-0AEB-4402-A858-DFD7F6FB325B}.Debug|x86.ActiveCfg = Debug|Any CPU
		{7236FD8B-0AEB-4402-A858-DFD7F6FB325B}.Debug|x86.Build.0 = Debug|Any CPU
		{7236FD8B-0AEB-4402-A858-DFD7F6FB325B}.Release|Any CPU.ActiveCfg = Release|Any CPU
		{7236FD8B-0AEB-4402-A858-DFD7F6FB325B}.Release|Any CPU.Build.0 = Release|Any CPU
		{7236FD8B-0AEB-4402-A858-DFD7F6FB325B}.Release|x64.ActiveCfg = Release|Any CPU
		{7236FD8B-0AEB-4402-A858-DFD7F6FB325B}.Release|x64.Build.0 = Release|Any CPU
		{7236FD8B-0AEB-4402-A858-DFD7F6FB325B}.Release|x86.ActiveCfg = Release|Any CPU
		{7236FD8B-0AEB-4402-A858-DFD7F6FB325B}.Release|x86.Build.0 = Release|Any CPU
		{F23DB345-A690-4D10-B9CD-663EFB53AA23}.Debug|Any CPU.ActiveCfg = Debug|Any CPU
		{F23DB345-A690-4D10-B9CD-663EFB53AA23}.Debug|Any CPU.Build.0 = Debug|Any CPU
		{F23DB345-A690-4D10-B9CD-663EFB53AA23}.Debug|x64.ActiveCfg = Debug|Any CPU
		{F23DB345-A690-4D10-B9CD-663EFB53AA23}.Debug|x64.Build.0 = Debug|Any CPU
		{F23DB345-A690-4D10-B9CD-663EFB53AA23}.Debug|x86.ActiveCfg = Debug|Any CPU
		{F23DB345-A690-4D10-B9CD-663EFB53AA23}.Debug|x86.Build.0 = Debug|Any CPU
		{F23DB345-A690-4D10-B9CD-663EFB53AA23}.Release|Any CPU.ActiveCfg = Release|Any CPU
		{F23DB345-A690-4D10-B9CD-663EFB53AA23}.Release|Any CPU.Build.0 = Release|Any CPU
		{F23DB345-A690-4D10-B9CD-663EFB53AA23}.Release|x64.ActiveCfg = Release|Any CPU
		{F23DB345-A690-4D10-B9CD-663EFB53AA23}.Release|x64.Build.0 = Release|Any CPU
		{F23DB345-A690-4D10-B9CD-663EFB53AA23}.Release|x86.ActiveCfg = Release|Any CPU
		{F23DB345-A690-4D10-B9CD-663EFB53AA23}.Release|x86.Build.0 = Release|Any CPU
	EndGlobalSection
	GlobalSection(NestedProjects) = preSolution
		{950E9605-40CE-423B-9E24-854D3FD19B70} = {53EF1CD2-2274-466C-9FCA-70C221CBACF7}
		{7236FD8B-0AEB-4402-A858-DFD7F6FB325B} = {53EF1CD2-2274-466C-9FCA-70C221CBACF7}
		{F23DB345-A690-4D10-B9CD-663EFB53AA23} = {53EF1CD2-2274-466C-9FCA-70C221CBACF7}
	EndGlobalSection
EndGlobal
